<!DOCTYPE html>
<html lang="en">
<head>
  <meta charset="UTF-8">
  <meta name="viewport" content="width=device-width, initial-scale=1.0">
  <title>User Guide</title>
  <link rel="stylesheet" href="style.css">
</head>
<body>
  <header>
    <h1>User Guide</h1>
  </header>
  <main>
    <section class="content">
      <h2>Introduction</h2>
      <p>Welcome to the User Guide. Here you will find information on how to use the application effectively.</p>
    </section>

    <section class="buttons">
      <button class="btn-primary">Start</button>
      <button class="btn-secondary">Learn More</button>
    </section>
  </main>
  <footer>
    <p>&copy; 2024 Company Name. All rights reserved.</p>
  </footer>
</body>
</html>
