{
  "name": "QuizMaster",
  "version": "1.0.0",
  "description": "A project to improve the UI of the user guide page",
  "main": "index.js",
  "scripts": {
    "start": "node index.js",
    "build": "webpack --config webpack.config.js",
    "test": "jest"
  },
  "author": "Your Name",
  "license": "ISC",
  "dependencies": {
    "express": "^4.17.1",
    "react": "^18.0.0"
  },
  "devDependencies": {
    "webpack": "^5.0.0",
    "jest": "^27.0.0"
  },
  "lockfileVersion": 3,
  "requires": true
}
